// !$*UTF8*$!
{
	archiveVersion = 1;
	classes = {
	};
	objectVersion = 50;
	objects = {

/* Begin PBXBuildFile section */
		500DAC1524D4F35F00113808 /* AppDelegate.swift in Sources */ = {isa = PBXBuildFile; fileRef = 500DAC1424D4F35F00113808 /* AppDelegate.swift */; };
		500DAC1724D4F35F00113808 /* SceneDelegate.swift in Sources */ = {isa = PBXBuildFile; fileRef = 500DAC1624D4F35F00113808 /* SceneDelegate.swift */; };
		500DAC1924D4F35F00113808 /* ContentView.swift in Sources */ = {isa = PBXBuildFile; fileRef = 500DAC1824D4F35F00113808 /* ContentView.swift */; };
		500DAC1B24D4F36000113808 /* Assets.xcassets in Resources */ = {isa = PBXBuildFile; fileRef = 500DAC1A24D4F36000113808 /* Assets.xcassets */; };
		500DAC1E24D4F36000113808 /* Preview Assets.xcassets in Resources */ = {isa = PBXBuildFile; fileRef = 500DAC1D24D4F36000113808 /* Preview Assets.xcassets */; };
		500DAC2124D4F36000113808 /* LaunchScreen.storyboard in Resources */ = {isa = PBXBuildFile; fileRef = 500DAC1F24D4F36000113808 /* LaunchScreen.storyboard */; };
/* End PBXBuildFile section */

/* Begin PBXFileReference section */
		500DAC1124D4F35F00113808 /* RockPaperScissors-Challenge2.app */ = {isa = PBXFileReference; explicitFileType = wrapper.application; includeInIndex = 0; path = "RockPaperScissors-Challenge2.app"; sourceTree = BUILT_PRODUCTS_DIR; };
		500DAC1424D4F35F00113808 /* AppDelegate.swift */ = {isa = PBXFileReference; lastKnownFileType = sourcecode.swift; path = AppDelegate.swift; sourceTree = "<group>"; };
		500DAC1624D4F35F00113808 /* SceneDelegate.swift */ = {isa = PBXFileReference; lastKnownFileType = sourcecode.swift; path = SceneDelegate.swift; sourceTree = "<group>"; };
		500DAC1824D4F35F00113808 /* ContentView.swift */ = {isa = PBXFileReference; lastKnownFileType = sourcecode.swift; path = ContentView.swift; sourceTree = "<group>"; };
		500DAC1A24D4F36000113808 /* Assets.xcassets */ = {isa = PBXFileReference; lastKnownFileType = folder.assetcatalog; path = Assets.xcassets; sourceTree = "<group>"; };
		500DAC1D24D4F36000113808 /* Preview Assets.xcassets */ = {isa = PBXFileReference; lastKnownFileType = folder.assetcatalog; path = "Preview Assets.xcassets"; sourceTree = "<group>"; };
		500DAC2024D4F36000113808 /* Base */ = {isa = PBXFileReference; lastKnownFileType = file.storyboard; name = Base; path = Base.lproj/LaunchScreen.storyboard; sourceTree = "<group>"; };
		500DAC2224D4F36000113808 /* Info.plist */ = {isa = PBXFileReference; lastKnownFileType = text.plist.xml; path = Info.plist; sourceTree = "<group>"; };
/* End PBXFileReference section */

/* Begin PBXFrameworksBuildPhase section */
		500DAC0E24D4F35F00113808 /* Frameworks */ = {
			isa = PBXFrameworksBuildPhase;
			buildActionMask = 2147483647;
			files = (
			);
			runOnlyForDeploymentPostprocessing = 0;
		};
/* End PBXFrameworksBuildPhase section */

/* Begin PBXGroup section */
		500DAC0824D4F35F00113808 = {
			isa = PBXGroup;
			children = (
				500DAC1324D4F35F00113808 /* RockPaperScissors-Challenge2 */,
				500DAC1224D4F35F00113808 /* Products */,
			);
			sourceTree = "<group>";
		};
		500DAC1224D4F35F00113808 /* Products */ = {
			isa = PBXGroup;
			children = (
				500DAC1124D4F35F00113808 /* RockPaperScissors-Challenge2.app */,
			);
			name = Products;
			sourceTree = "<group>";
		};
		500DAC1324D4F35F00113808 /* RockPaperScissors-Challenge2 */ = {
			isa = PBXGroup;
			children = (
				500DAC1424D4F35F00113808 /* AppDelegate.swift */,
				500DAC1624D4F35F00113808 /* SceneDelegate.swift */,
				500DAC1824D4F35F00113808 /* ContentView.swift */,
				500DAC1A24D4F36000113808 /* Assets.xcassets */,
				500DAC1F24D4F36000113808 /* LaunchScreen.storyboard */,
				500DAC2224D4F36000113808 /* Info.plist */,
				500DAC1C24D4F36000113808 /* Preview Content */,
			);
			path = "RockPaperScissors-Challenge2";
			sourceTree = "<group>";
		};
		500DAC1C24D4F36000113808 /* Preview Content */ = {
			isa = PBXGroup;
			children = (
				500DAC1D24D4F36000113808 /* Preview Assets.xcassets */,
			);
			path = "Preview Content";
			sourceTree = "<group>";
		};
/* End PBXGroup section */

/* Begin PBXNativeTarget section */
		500DAC1024D4F35F00113808 /* RockPaperScissors-Challenge2 */ = {
			isa = PBXNativeTarget;
			buildConfigurationList = 500DAC2524D4F36000113808 /* Build configuration list for PBXNativeTarget "RockPaperScissors-Challenge2" */;
			buildPhases = (
				500DAC0D24D4F35F00113808 /* Sources */,
				500DAC0E24D4F35F00113808 /* Frameworks */,
				500DAC0F24D4F35F00113808 /* Resources */,
			);
			buildRules = (
			);
			dependencies = (
			);
			name = "RockPaperScissors-Challenge2";
			productName = "RockPaperScissors-Challenge2";
			productReference = 500DAC1124D4F35F00113808 /* RockPaperScissors-Challenge2.app */;
			productType = "com.apple.product-type.application";
		};
/* End PBXNativeTarget section */

/* Begin PBXProject section */
		500DAC0924D4F35F00113808 /* Project object */ = {
			isa = PBXProject;
			attributes = {
				LastSwiftUpdateCheck = 1160;
				LastUpgradeCheck = 1160;
				ORGANIZATIONNAME = "Lauren Kwee";
				TargetAttributes = {
					500DAC1024D4F35F00113808 = {
						CreatedOnToolsVersion = 11.6;
					};
				};
			};
			buildConfigurationList = 500DAC0C24D4F35F00113808 /* Build configuration list for PBXProject "RockPaperScissors-Challenge2" */;
			compatibilityVersion = "Xcode 9.3";
			developmentRegion = en;
			hasScannedForEncodings = 0;
			knownRegions = (
				en,
				Base,
			);
			mainGroup = 500DAC0824D4F35F00113808;
			productRefGroup = 500DAC1224D4F35F00113808 /* Products */;
			projectDirPath = "";
			projectRoot = "";
			targets = (
				500DAC1024D4F35F00113808 /* RockPaperScissors-Challenge2 */,
			);
		};
/* End PBXProject section */

/* Begin PBXResourcesBuildPhase section */
		500DAC0F24D4F35F00113808 /* Resources */ = {
			isa = PBXResourcesBuildPhase;
			buildActionMask = 2147483647;
			files = (
				500DAC2124D4F36000113808 /* LaunchScreen.storyboard in Resources */,
				500DAC1E24D4F36000113808 /* Preview Assets.xcassets in Resources */,
				500DAC1B24D4F36000113808 /* Assets.xcassets in Resources */,
			);
			runOnlyForDeploymentPostprocessing = 0;
		};
/* End PBXResourcesBuildPhase section */

/* Begin PBXSourcesBuildPhase section */
		500DAC0D24D4F35F00113808 /* Sources */ = {
			isa = PBXSourcesBuildPhase;
			buildActionMask = 2147483647;
			files = (
				500DAC1524D4F35F00113808 /* AppDelegate.swift in Sources */,
				500DAC1724D4F35F00113808 /* SceneDelegate.swift in Sources */,
				500DAC1924D4F35F00113808 /* ContentView.swift in Sources */,
			);
			runOnlyForDeploymentPostprocessing = 0;
		};
/* End PBXSourcesBuildPhase section */

/* Begin PBXVariantGroup section */
		500DAC1F24D4F36000113808 /* LaunchScreen.storyboard */ = {
			isa = PBXVariantGroup;
			children = (
				500DAC2024D4F36000113808 /* Base */,
			);
			name = LaunchScreen.storyboard;
			sourceTree = "<group>";
		};
/* End PBXVariantGroup section */

/* Begin XCBuildConfiguration section */
		500DAC2324D4F36000113808 /* Debug */ = {
			isa = XCBuildConfiguration;
			buildSettings = {
				ALWAYS_SEARCH_USER_PATHS = NO;
				CLANG_ANALYZER_NONNULL = YES;
				CLANG_ANALYZER_NUMBER_OBJECT_CONVERSION = YES_AGGRESSIVE;
				CLANG_CXX_LANGUAGE_STANDARD = "gnu++14";
				CLANG_CXX_LIBRARY = "libc++";
				CLANG_ENABLE_MODULES = YES;
				CLANG_ENABLE_OBJC_ARC = YES;
				CLANG_ENABLE_OBJC_WEAK = YES;
				CLANG_WARN_BLOCK_CAPTURE_AUTORELEASING = YES;
				CLANG_WARN_BOOL_CONVERSION = YES;
				CLANG_WARN_COMMA = YES;
				CLANG_WARN_CONSTANT_CONVERSION = YES;
				CLANG_WARN_DEPRECATED_OBJC_IMPLEMENTATIONS = YES;
				CLANG_WARN_DIRECT_OBJC_ISA_USAGE = YES_ERROR;
				CLANG_WARN_DOCUMENTATION_COMMENTS = YES;
				CLANG_WARN_EMPTY_BODY = YES;
				CLANG_WARN_ENUM_CONVERSION = YES;
				CLANG_WARN_INFINITE_RECURSION = YES;
				CLANG_WARN_INT_CONVERSION = YES;
				CLANG_WARN_NON_LITERAL_NULL_CONVERSION = YES;
				CLANG_WARN_OBJC_IMPLICIT_RETAIN_SELF = YES;
				CLANG_WARN_OBJC_LITERAL_CONVERSION = YES;
				CLANG_WARN_OBJC_ROOT_CLASS = YES_ERROR;
				CLANG_WARN_RANGE_LOOP_ANALYSIS = YES;
				CLANG_WARN_STRICT_PROTOTYPES = YES;
				CLANG_WARN_SUSPICIOUS_MOVE = YES;
				CLANG_WARN_UNGUARDED_AVAILABILITY = YES_AGGRESSIVE;
				CLANG_WARN_UNREACHABLE_CODE = YES;
				CLANG_WARN__DUPLICATE_METHOD_MATCH = YES;
				COPY_PHASE_STRIP = NO;
				DEBUG_INFORMATION_FORMAT = dwarf;
				ENABLE_STRICT_OBJC_MSGSEND = YES;
				ENABLE_TESTABILITY = YES;
				GCC_C_LANGUAGE_STANDARD = gnu11;
				GCC_DYNAMIC_NO_PIC = NO;
				GCC_NO_COMMON_BLOCKS = YES;
				GCC_OPTIMIZATION_LEVEL = 0;
				GCC_PREPROCESSOR_DEFINITIONS = (
					"DEBUG=1",
					"$(inherited)",
				);
				GCC_WARN_64_TO_32_BIT_CONVERSION = YES;
				GCC_WARN_ABOUT_RETURN_TYPE = YES_ERROR;
				GCC_WARN_UNDECLARED_SELECTOR = YES;
				GCC_WARN_UNINITIALIZED_AUTOS = YES_AGGRESSIVE;
				GCC_WARN_UNUSED_FUNCTION = YES;
				GCC_WARN_UNUSED_VARIABLE = YES;
				IPHONEOS_DEPLOYMENT_TARGET = 13.6;
				MTL_ENABLE_DEBUG_INFO = INCLUDE_SOURCE;
				MTL_FAST_MATH = YES;
				ONLY_ACTIVE_ARCH = YES;
				SDKROOT = iphoneos;
				SWIFT_ACTIVE_COMPILATION_CONDITIONS = DEBUG;
				SWIFT_OPTIMIZATION_LEVEL = "-Onone";
			};
			name = Debug;
		};
		500DAC2424D4F36000113808 /* Release */ = {
			isa = XCBuildConfiguration;
			buildSettings = {
				ALWAYS_SEARCH_USER_PATHS = NO;
				CLANG_ANALYZER_NONNULL = YES;
				CLANG_ANALYZER_NUMBER_OBJECT_CONVERSION = YES_AGGRESSIVE;
				CLANG_CXX_LANGUAGE_STANDARD = "gnu++14";
				CLANG_CXX_LIBRARY = "libc++";
				CLANG_ENABLE_MODULES = YES;
				CLANG_ENABLE_OBJC_ARC = YES;
				CLANG_ENABLE_OBJC_WEAK = YES;
				CLANG_WARN_BLOCK_CAPTURE_AUTORELEASING = YES;
				CLANG_WARN_BOOL_CONVERSION = YES;
				CLANG_WARN_COMMA = YES;
				CLANG_WARN_CONSTANT_CONVERSION = YES;
				CLANG_WARN_DEPRECATED_OBJC_IMPLEMENTATIONS = YES;
				CLANG_WARN_DIRECT_OBJC_ISA_USAGE = YES_ERROR;
				CLANG_WARN_DOCUMENTATION_COMMENTS = YES;
				CLANG_WARN_EMPTY_BODY = YES;
				CLANG_WARN_ENUM_CONVERSION = YES;
				CLANG_WARN_INFINITE_RECURSION = YES;
				CLANG_WARN_INT_CONVERSION = YES;
				CLANG_WARN_NON_LITERAL_NULL_CONVERSION = YES;
				CLANG_WARN_OBJC_IMPLICIT_RETAIN_SELF = YES;
				CLANG_WARN_OBJC_LITERAL_CONVERSION = YES;
				CLANG_WARN_OBJC_ROOT_CLASS = YES_ERROR;
				CLANG_WARN_RANGE_LOOP_ANALYSIS = YES;
				CLANG_WARN_STRICT_PROTOTYPES = YES;
				CLANG_WARN_SUSPICIOUS_MOVE = YES;
				CLANG_WARN_UNGUARDED_AVAILABILITY = YES_AGGRESSIVE;
				CLANG_WARN_UNREACHABLE_CODE = YES;
				CLANG_WARN__DUPLICATE_METHOD_MATCH = YES;
				COPY_PHASE_STRIP = NO;
				DEBUG_INFORMATION_FORMAT = "dwarf-with-dsym";
				ENABLE_NS_ASSERTIONS = NO;
				ENABLE_STRICT_OBJC_MSGSEND = YES;
				GCC_C_LANGUAGE_STANDARD = gnu11;
				GCC_NO_COMMON_BLOCKS = YES;
				GCC_WARN_64_TO_32_BIT_CONVERSION = YES;
				GCC_WARN_ABOUT_RETURN_TYPE = YES_ERROR;
				GCC_WARN_UNDECLARED_SELECTOR = YES;
				GCC_WARN_UNINITIALIZED_AUTOS = YES_AGGRESSIVE;
				GCC_WARN_UNUSED_FUNCTION = YES;
				GCC_WARN_UNUSED_VARIABLE = YES;
				IPHONEOS_DEPLOYMENT_TARGET = 13.6;
				MTL_ENABLE_DEBUG_INFO = NO;
				MTL_FAST_MATH = YES;
				SDKROOT = iphoneos;
				SWIFT_COMPILATION_MODE = wholemodule;
				SWIFT_OPTIMIZATION_LEVEL = "-O";
				VALIDATE_PRODUCT = YES;
			};
			name = Release;
		};
		500DAC2624D4F36000113808 /* Debug */ = {
			isa = XCBuildConfiguration;
			buildSettings = {
				ASSETCATALOG_COMPILER_APPICON_NAME = AppIcon;
				CODE_SIGN_STYLE = Automatic;
				DEVELOPMENT_ASSET_PATHS = "\"RockPaperScissors-Challenge2/Preview Content\"";
				ENABLE_PREVIEWS = YES;
				INFOPLIST_FILE = "RockPaperScissors-Challenge2/Info.plist";
				LD_RUNPATH_SEARCH_PATHS = (
					"$(inherited)",
					"@executable_path/Frameworks",
				);
				PRODUCT_BUNDLE_IDENTIFIER = "Kwee.RockPaperScissors-Challenge2";
				PRODUCT_NAME = "$(TARGET_NAME)";
				SWIFT_VERSION = 5.0;
				TARGETED_DEVICE_FAMILY = "1,2";
			};
			name = Debug;
		};
		500DAC2724D4F36000113808 /* Release */ = {
			isa = XCBuildConfiguration;
			buildSettings = {
				ASSETCATALOG_COMPILER_APPICON_NAME = AppIcon;
				CODE_SIGN_STYLE = Automatic;
				DEVELOPMENT_ASSET_PATHS = "\"RockPaperScissors-Challenge2/Preview Content\"";
				ENABLE_PREVIEWS = YES;
				INFOPLIST_FILE = "RockPaperScissors-Challenge2/Info.plist";
				LD_RUNPATH_SEARCH_PATHS = (
					"$(inherited)",
					"@executable_path/Frameworks",
				);
				PRODUCT_BUNDLE_IDENTIFIER = "Kwee.RockPaperScissors-Challenge2";
				PRODUCT_NAME = "$(TARGET_NAME)";
				SWIFT_VERSION = 5.0;
				TARGETED_DEVICE_FAMILY = "1,2";
			};
			name = Release;
		};
/* End XCBuildConfiguration section */

/* Begin XCConfigurationList section */
		500DAC0C24D4F35F00113808 /* Build configuration list for PBXProject "RockPaperScissors-Challenge2" */ = {
			isa = XCConfigurationList;
			buildConfigurations = (
				500DAC2324D4F36000113808 /* Debug */,
				500DAC2424D4F36000113808 /* Release */,
			);
			defaultConfigurationIsVisible = 0;
			defaultConfigurationName = Release;
		};
		500DAC2524D4F36000113808 /* Build configuration list for PBXNativeTarget "RockPaperScissors-Challenge2" */ = {
			isa = XCConfigurationList;
			buildConfigurations = (
				500DAC2624D4F36000113808 /* Debug */,
				500DAC2724D4F36000113808 /* Release */,
			);
			defaultConfigurationIsVisible = 0;
			defaultConfigurationName = Release;
		};
/* End XCConfigurationList section */
	};
	rootObject = 500DAC0924D4F35F00113808 /* Project object */;
}
